
Microsoft Visual Studio Solution File, Format Version 12.00
# Visual Studio Version 17
VisualStudioVersion = 17.5.33516.290
MinimumVisualStudioVersion = 10.0.40219.1
Project("{FAE04EC0-301F-11D3-BF4B-00C04F79EFBC}") = "NAMBG", "NAMBG\NAMBG.csproj", "{618491FE-46D9-451F-8EE3-FF3C4BACA684}"
EndProject
Global
	GlobalSection(SolutionConfigurationPlatforms) = preSolution
		Debug|Any CPU = Debug|Any CPU
		Release|Any CPU = Release|Any CPU
	EndGlobalSection
	GlobalSection(ProjectConfigurationPlatforms) = postSolution
		{618491FE-46D9-451F-8EE3-FF3C4BACA684}.Debug|Any CPU.ActiveCfg = Debug|Any CPU
		{618491FE-46D9-451F-8EE3-FF3C4BACA684}.Debug|Any CPU.Build.0 = Debug|Any CPU
		{618491FE-46D9-451F-8EE3-FF3C4BACA684}.Release|Any CPU.ActiveCfg = Release|Any CPU
		{618491FE-46D9-451F-8EE3-FF3C4BACA684}.Release|Any CPU.Build.0 = Release|Any CPU
	EndGlobalSection
	GlobalSection(SolutionProperties) = preSolution
		HideSolutionNode = FALSE
	EndGlobalSection
	GlobalSection(ExtensibilityGlobals) = postSolution
		SolutionGuid = {B50A7098-60CC-4E6D-835E-6023CEF19BB6}
	EndGlobalSection
EndGlobal
